
Microsoft Visual Studio Solution File, Format Version 12.00
# Visual Studio Version 16
VisualStudioVersion = 16.0.30611.23
MinimumVisualStudioVersion = 10.0.40219.1
Project("{FAE04EC0-301F-11D3-BF4B-00C04F79EFBC}") = "Contribuentes", "Contribuentes\Contribuentes.csproj", "{43EDCBF6-7F98-4327-B30E-4B2FBFBF2115}"
EndProject
Global
	GlobalSection(SolutionConfigurationPlatforms) = preSolution
		Debug|Any CPU = Debug|Any CPU
		Release|Any CPU = Release|Any CPU
	EndGlobalSection
	GlobalSection(ProjectConfigurationPlatforms) = postSolution
		{43EDCBF6-7F98-4327-B30E-4B2FBFBF2115}.Debug|Any CPU.ActiveCfg = Debug|Any CPU
		{43EDCBF6-7F98-4327-B30E-4B2FBFBF2115}.Debug|Any CPU.Build.0 = Debug|Any CPU
		{43EDCBF6-7F98-4327-B30E-4B2FBFBF2115}.Release|Any CPU.ActiveCfg = Release|Any CPU
		{43EDCBF6-7F98-4327-B30E-4B2FBFBF2115}.Release|Any CPU.Build.0 = Release|Any CPU
	EndGlobalSection
	GlobalSection(SolutionProperties) = preSolution
		HideSolutionNode = FALSE
	EndGlobalSection
	GlobalSection(ExtensibilityGlobals) = postSolution
		SolutionGuid = {6AFD37AC-39A9-4F54-8806-6679D31FEE28}
	EndGlobalSection
EndGlobal
